
Microsoft Visual Studio Solution File, Format Version 12.00
# Visual Studio 2012
Project("{FAE04EC0-301F-11D3-BF4B-00C04F79EFBC}") = "NCLib", "NCLib.csproj", "{F53E2B60-2880-4D85-A5FB-ACE5E4B4AAB9}"
EndProject
Global
	GlobalSection(SolutionConfigurationPlatforms) = preSolution
		Debug|Any CPU = Debug|Any CPU
		Release|Any CPU = Release|Any CPU
	EndGlobalSection
	GlobalSection(ProjectConfigurationPlatforms) = postSolution
		{F53E2B60-2880-4D85-A5FB-ACE5E4B4AAB9}.Debug|Any CPU.ActiveCfg = Debug|Any CPU
		{F53E2B60-2880-4D85-A5FB-ACE5E4B4AAB9}.Debug|Any CPU.Build.0 = Debug|Any CPU
		{F53E2B60-2880-4D85-A5FB-ACE5E4B4AAB9}.Release|Any CPU.ActiveCfg = Release|Any CPU
		{F53E2B60-2880-4D85-A5FB-ACE5E4B4AAB9}.Release|Any CPU.Build.0 = Release|Any CPU
	EndGlobalSection
EndGlobal
